
Microsoft Visual Studio Solution File, Format Version 12.00
# Visual Studio Version 17
VisualStudioVersion = 17.3.32901.215
MinimumVisualStudioVersion = 10.0.40219.1
Project("{FAE04EC0-301F-11D3-BF4B-00C04F79EFBC}") = "HLProject", "HLProject\HLProject.csproj", "{CA07A85A-1CDB-4BF3-8AA2-8B3405252DBD}"
EndProject
Global
	GlobalSection(SolutionConfigurationPlatforms) = preSolution
		Debug|Any CPU = Debug|Any CPU
		Release|Any CPU = Release|Any CPU
	EndGlobalSection
	GlobalSection(ProjectConfigurationPlatforms) = postSolution
		{CA07A85A-1CDB-4BF3-8AA2-8B3405252DBD}.Debug|Any CPU.ActiveCfg = Debug|Any CPU
		{CA07A85A-1CDB-4BF3-8AA2-8B3405252DBD}.Debug|Any CPU.Build.0 = Debug|Any CPU
		{CA07A85A-1CDB-4BF3-8AA2-8B3405252DBD}.Release|Any CPU.ActiveCfg = Release|Any CPU
		{CA07A85A-1CDB-4BF3-8AA2-8B3405252DBD}.Release|Any CPU.Build.0 = Release|Any CPU
	EndGlobalSection
	GlobalSection(SolutionProperties) = preSolution
		HideSolutionNode = FALSE
	EndGlobalSection
	GlobalSection(ExtensibilityGlobals) = postSolution
		SolutionGuid = {8ECF7CC7-BE33-4341-83ED-078D786B2830}
	EndGlobalSection
EndGlobal
